# @generated by Move, please check-in and do not edit manually.

[move]
version = 3
manifest_digest = "873CBC9BCE4E7E06267FE933EAD141C5FF8BF128FCB0AE7692B01F55E310DE07"
deps_digest = "F8BBB0CCB2491CA29A3DF03D6F92277A4F3574266507ACD77214D37ECA3F3082"
dependencies = [
  { id = "Sui", name = "Sui" },
]

[[move.package]]
id = "MoveStdlib"
source = { git = "https://github.com/MystenLabs/sui.git", rev = "framework/testnet", subdir = "crates/sui-framework/packages/move-stdlib" }

[[move.package]]
id = "Sui"
source = { git = "https://github.com/MystenLabs/sui.git", rev = "framework/testnet", subdir = "crates/sui-framework/packages/sui-framework" }

dependencies = [
  { id = "MoveStdlib", name = "MoveStdlib" },
]

[move.toolchain-version]
compiler-version = "1.55.0"
edition = "2024.beta"
flavor = "sui"

[env]

[env.testnet]
chain-id = "4c78adac"
original-published-id = "0x3864baf7993f1f80ab529b1a85c6a401551b63629d6d108e336e5640d58eb446"
latest-published-id = "0x3864baf7993f1f80ab529b1a85c6a401551b63629d6d108e336e5640d58eb446"
published-version = "1"

[env.devnet]
chain-id = "f117859f"
original-published-id = "0x854d43fad0484c54c101155e3d14646b4daad9cc86d5495863d70065e8f0edc1"
latest-published-id = "0x854d43fad0484c54c101155e3d14646b4daad9cc86d5495863d70065e8f0edc1"
published-version = "1"
