# @generated by Move, please check-in and do not edit manually.

[move]
version = 3
manifest_digest = "075A45F4039F4282BB8CF5C2207F5CC6CA59A085274E052A274BF81D13182A00"
deps_digest = "F8BBB0CCB2491CA29A3DF03D6F92277A4F3574266507ACD77214D37ECA3F3082"
dependencies = [
  { id = "Sui", name = "Sui" },
]

[[move.package]]
id = "MoveStdlib"
source = { git = "https://github.com/MystenLabs/sui.git", rev = "testnet", subdir = "crates/sui-framework/packages/move-stdlib" }

[[move.package]]
id = "Sui"
source = { git = "https://github.com/MystenLabs/sui.git", rev = "testnet", subdir = "crates/sui-framework/packages/sui-framework" }

dependencies = [
  { id = "MoveStdlib", name = "MoveStdlib" },
]

[move.toolchain-version]
compiler-version = "1.53.0"
edition = "2024.beta"
flavor = "sui"

[env]

[env.testnet]
chain-id = "4c78adac"
original-published-id = "0x32ca83ba337ad689dcf42c52016b0e81cd5a84a65a57ee3af372d4a6d5d115e6"
latest-published-id = "0x32ca83ba337ad689dcf42c52016b0e81cd5a84a65a57ee3af372d4a6d5d115e6"
published-version = "1"

[env.devnet]
chain-id = "f117859f"
original-published-id = "0x854d43fad0484c54c101155e3d14646b4daad9cc86d5495863d70065e8f0edc1"
latest-published-id = "0x854d43fad0484c54c101155e3d14646b4daad9cc86d5495863d70065e8f0edc1"
published-version = "1"
