# @generated by Move, please check-in and do not edit manually.

[move]
version = 3
manifest_digest = "075A45F4039F4282BB8CF5C2207F5CC6CA59A085274E052A274BF81D13182A00"
deps_digest = "F8BBB0CCB2491CA29A3DF03D6F92277A4F3574266507ACD77214D37ECA3F3082"
dependencies = [
  { id = "Sui", name = "Sui" },
]

[[move.package]]
id = "MoveStdlib"
source = { git = "https://github.com/MystenLabs/sui.git", rev = "testnet", subdir = "crates/sui-framework/packages/move-stdlib" }

[[move.package]]
id = "Sui"
source = { git = "https://github.com/MystenLabs/sui.git", rev = "testnet", subdir = "crates/sui-framework/packages/sui-framework" }

dependencies = [
  { id = "MoveStdlib", name = "MoveStdlib" },
]

[move.toolchain-version]
compiler-version = "1.53.0"
edition = "2024.beta"
flavor = "sui"

[env]

[env.testnet]
chain-id = "4c78adac"
original-published-id = "0x8543cda6d024bc846bbeb8949374ab344041ef218ac8dac4c0003539a1b6d659"
latest-published-id = "0x8543cda6d024bc846bbeb8949374ab344041ef218ac8dac4c0003539a1b6d659"
published-version = "1"
